{
  "name": "buttercup",
  "version": "0.5.0",
  "lockfileVersion": 1,
  "requires": true,
  "dependencies": {
    "readline-sync": {
      "version": "1.4.10",
      "resolved": "https://registry.npmjs.org/readline-sync/-/readline-sync-1.4.10.tgz",
      "integrity": "sha512-gNva8/6UAe8QYepIQH/jQ2qn91Qj0B9sYjMBBs3QOB8F2CXcKgLxQaJRP76sWVRQt+QU+8fAkCbCvjjMFu7Ycw=="
    },
    "wabt": {
      "version": "1.0.16",
      "resolved": "https://registry.npmjs.org/wabt/-/wabt-1.0.16.tgz",
      "integrity": "sha512-aSQEAJfYkoZRY9Qt2/6hTM8yRX/Nc2R1bScET/4lppRqfUyzynB5HI+lK0u/hp8NbCVTAXg0iETviSS3zoufJw=="
    }
  }
}
